// !$*UTF8*$!
{
	archiveVersion = 1;
	classes = {
	};
	objectVersion = 77;
	objects = {

/* Begin PBXBuildFile section */
		06B45CBC247AF8FB672B95D9 /* Pods_movieDB_movieDBUITests.framework in Frameworks */ = {isa = PBXBuildFile; fileRef = 5F9F394832E4AC565B535C31 /* Pods_movieDB_movieDBUITests.framework */; };
		415E54ADC933CE4F4A82EEC2 /* Pods_movieDBTests.framework in Frameworks */ = {isa = PBXBuildFile; fileRef = 14A5EDA39EF6CB8659F231F0 /* Pods_movieDBTests.framework */; };
		B42A9519F054D01CD3E88B9D /* Pods_movieDB.framework in Frameworks */ = {isa = PBXBuildFile; fileRef = 705429EDF8A6901DF876AA2A /* Pods_movieDB.framework */; };
/* End PBXBuildFile section */

/* Begin PBXContainerItemProxy section */
		919A58662FEC514100B6FF90 /* PBXContainerItemProxy */ = {
			isa = PBXContainerItemProxy;
			containerPortal = 919A58472FEC513F00B6FF90 /* Project object */;
			proxyType = 1;
			remoteGlobalIDString = 919A584E2FEC513F00B6FF90;
			remoteInfo = movieDB;
		};
		919A58702FEC514100B6FF90 /* PBXContainerItemProxy */ = {
			isa = PBXContainerItemProxy;
			containerPortal = 919A58472FEC513F00B6FF90 /* Project object */;
			proxyType = 1;
			remoteGlobalIDString = 919A584E2FEC513F00B6FF90;
			remoteInfo = movieDB;
		};
/* End PBXContainerItemProxy section */

/* Begin PBXFileReference section */
		14A5EDA39EF6CB8659F231F0 /* Pods_movieDBTests.framework */ = {isa = PBXFileReference; explicitFileType = wrapper.framework; includeInIndex = 0; path = Pods_movieDBTests.framework; sourceTree = BUILT_PRODUCTS_DIR; };
		5F9F394832E4AC565B535C31 /* Pods_movieDB_movieDBUITests.framework */ = {isa = PBXFileReference; explicitFileType = wrapper.framework; includeInIndex = 0; path = Pods_movieDB_movieDBUITests.framework; sourceTree = BUILT_PRODUCTS_DIR; };
		6B5D0A30ED6EEA7899C4FC9C /* Pods-movieDB-movieDBUITests.debug.xcconfig */ = {isa = PBXFileReference; includeInIndex = 1; lastKnownFileType = text.xcconfig; name = "Pods-movieDB-movieDBUITests.debug.xcconfig"; path = "Target Support Files/Pods-movieDB-movieDBUITests/Pods-movieDB-movieDBUITests.debug.xcconfig"; sourceTree = "<group>"; };
		6D61A03569B028BBE80F0AD2 /* Pods-movieDB-movieDBUITests.release.xcconfig */ = {isa = PBXFileReference; includeInIndex = 1; lastKnownFileType = text.xcconfig; name = "Pods-movieDB-movieDBUITests.release.xcconfig"; path = "Target Support Files/Pods-movieDB-movieDBUITests/Pods-movieDB-movieDBUITests.release.xcconfig"; sourceTree = "<group>"; };
		6F9F66792F2262F085ABBF97 /* Pods-movieDB.debug.xcconfig */ = {isa = PBXFileReference; includeInIndex = 1; lastKnownFileType = text.xcconfig; name = "Pods-movieDB.debug.xcconfig"; path = "Target Support Files/Pods-movieDB/Pods-movieDB.debug.xcconfig"; sourceTree = "<group>"; };
		705429EDF8A6901DF876AA2A /* Pods_movieDB.framework */ = {isa = PBXFileReference; explicitFileType = wrapper.framework; includeInIndex = 0; path = Pods_movieDB.framework; sourceTree = BUILT_PRODUCTS_DIR; };
		881137BD2A96B78C01E7E8EB /* Pods-movieDBTests.release.xcconfig */ = {isa = PBXFileReference; includeInIndex = 1; lastKnownFileType = text.xcconfig; name = "Pods-movieDBTests.release.xcconfig"; path = "Target Support Files/Pods-movieDBTests/Pods-movieDBTests.release.xcconfig"; sourceTree = "<group>"; };
		919A584F2FEC513F00B6FF90 /* movieDB.app */ = {isa = PBXFileReference; explicitFileType = wrapper.application; includeInIndex = 0; path = movieDB.app; sourceTree = BUILT_PRODUCTS_DIR; };
		919A58652FEC514100B6FF90 /* movieDBTests.xctest */ = {isa = PBXFileReference; explicitFileType = wrapper.cfbundle; includeInIndex = 0; path = movieDBTests.xctest; sourceTree = BUILT_PRODUCTS_DIR; };
		919A586F2FEC514100B6FF90 /* movieDBUITests.xctest */ = {isa = PBXFileReference; explicitFileType = wrapper.cfbundle; includeInIndex = 0; path = movieDBUITests.xctest; sourceTree = BUILT_PRODUCTS_DIR; };
		92FF9A9697014826B7FE6886 /* Pods-movieDBTests.debug.xcconfig */ = {isa = PBXFileReference; includeInIndex = 1; lastKnownFileType = text.xcconfig; name = "Pods-movieDBTests.debug.xcconfig"; path = "Target Support Files/Pods-movieDBTests/Pods-movieDBTests.debug.xcconfig"; sourceTree = "<group>"; };
		9F8957F07BB80DB802158C9A /* Pods-movieDB.release.xcconfig */ = {isa = PBXFileReference; includeInIndex = 1; lastKnownFileType = text.xcconfig; name = "Pods-movieDB.release.xcconfig"; path = "Target Support Files/Pods-movieDB/Pods-movieDB.release.xcconfig"; sourceTree = "<group>"; };
/* End PBXFileReference section */

/* Begin PBXFileSystemSynchronizedBuildFileExceptionSet section */
		919A58772FEC514100B6FF90 /* Exceptions for "movieDB" folder in "movieDB" target */ = {
			isa = PBXFileSystemSynchronizedBuildFileExceptionSet;
			membershipExceptions = (
				Info.plist,
			);
			target = 919A584E2FEC513F00B6FF90 /* movieDB */;
		};
/* End PBXFileSystemSynchronizedBuildFileExceptionSet section */

/* Begin PBXFileSystemSynchronizedRootGroup section */
		919A58512FEC513F00B6FF90 /* movieDB */ = {
			isa = PBXFileSystemSynchronizedRootGroup;
			exceptions = (
				919A58772FEC514100B6FF90 /* Exceptions for "movieDB" folder in "movieDB" target */,
			);
			path = movieDB;
			sourceTree = "<group>";
		};
		919A58682FEC514100B6FF90 /* movieDBTests */ = {
			isa = PBXFileSystemSynchronizedRootGroup;
			exceptions = (
			);
			path = movieDBTests;
			sourceTree = "<group>";
		};
		919A58722FEC514100B6FF90 /* movieDBUITests */ = {
			isa = PBXFileSystemSynchronizedRootGroup;
			exceptions = (
			);
			path = movieDBUITests;
			sourceTree = "<group>";
		};
/* End PBXFileSystemSynchronizedRootGroup section */

/* Begin PBXFrameworksBuildPhase section */
		919A584C2FEC513F00B6FF90 /* Frameworks */ = {
			isa = PBXFrameworksBuildPhase;
			buildActionMask = 2147483647;
			files = (
				B42A9519F054D01CD3E88B9D /* Pods_movieDB.framework in Frameworks */,
			);
			runOnlyForDeploymentPostprocessing = 0;
		};
		919A58622FEC514100B6FF90 /* Frameworks */ = {
			isa = PBXFrameworksBuildPhase;
			buildActionMask = 2147483647;
			files = (
				415E54ADC933CE4F4A82EEC2 /* Pods_movieDBTests.framework in Frameworks */,
			);
			runOnlyForDeploymentPostprocessing = 0;
		};
		919A586C2FEC514100B6FF90 /* Frameworks */ = {
			isa = PBXFrameworksBuildPhase;
			buildActionMask = 2147483647;
			files = (
				06B45CBC247AF8FB672B95D9 /* Pods_movieDB_movieDBUITests.framework in Frameworks */,
			);
			runOnlyForDeploymentPostprocessing = 0;
		};
/* End PBXFrameworksBuildPhase section */

/* Begin PBXGroup section */
		11EF1616068323337F26334A /* Frameworks */ = {
			isa = PBXGroup;
			children = (
				705429EDF8A6901DF876AA2A /* Pods_movieDB.framework */,
				5F9F394832E4AC565B535C31 /* Pods_movieDB_movieDBUITests.framework */,
				14A5EDA39EF6CB8659F231F0 /* Pods_movieDBTests.framework */,
			);
			name = Frameworks;
			sourceTree = "<group>";
		};
		77ED0FA0E2D316D5E9046CD7 /* Pods */ = {
			isa = PBXGroup;
			children = (
				6F9F66792F2262F085ABBF97 /* Pods-movieDB.debug.xcconfig */,
				9F8957F07BB80DB802158C9A /* Pods-movieDB.release.xcconfig */,
				6B5D0A30ED6EEA7899C4FC9C /* Pods-movieDB-movieDBUITests.debug.xcconfig */,
				6D61A03569B028BBE80F0AD2 /* Pods-movieDB-movieDBUITests.release.xcconfig */,
				92FF9A9697014826B7FE6886 /* Pods-movieDBTests.debug.xcconfig */,
				881137BD2A96B78C01E7E8EB /* Pods-movieDBTests.release.xcconfig */,
			);
			name = Pods;
			path = Pods;
			sourceTree = "<group>";
		};
		919A58462FEC513F00B6FF90 = {
			isa = PBXGroup;
			children = (
				919A58512FEC513F00B6FF90 /* movieDB */,
				919A58682FEC514100B6FF90 /* movieDBTests */,
				919A58722FEC514100B6FF90 /* movieDBUITests */,
				919A58502FEC513F00B6FF90 /* Products */,
				77ED0FA0E2D316D5E9046CD7 /* Pods */,
				11EF1616068323337F26334A /* Frameworks */,
			);
			sourceTree = "<group>";
		};
		919A58502FEC513F00B6FF90 /* Products */ = {
			isa = PBXGroup;
			children = (
				919A584F2FEC513F00B6FF90 /* movieDB.app */,
				919A58652FEC514100B6FF90 /* movieDBTests.xctest */,
				919A586F2FEC514100B6FF90 /* movieDBUITests.xctest */,
			);
			name = Products;
			sourceTree = "<group>";
		};
/* End PBXGroup section */

/* Begin PBXNativeTarget section */
		919A584E2FEC513F00B6FF90 /* movieDB */ = {
			isa = PBXNativeTarget;
			buildConfigurationList = 919A58782FEC514100B6FF90 /* Build configuration list for PBXNativeTarget "movieDB" */;
			buildPhases = (
				54FC59A2CA3D60C6A0978673 /* [CP] Check Pods Manifest.lock */,
				919A584B2FEC513F00B6FF90 /* Sources */,
				919A584C2FEC513F00B6FF90 /* Frameworks */,
				919A584D2FEC513F00B6FF90 /* Resources */,
				047A1E23B09BFA9149E01F1D /* [CP] Embed Pods Frameworks */,
			);
			buildRules = (
			);
			dependencies = (
			);
			fileSystemSynchronizedGroups = (
				919A58512FEC513F00B6FF90 /* movieDB */,
			);
			name = movieDB;
			productName = movieDB;
			productReference = 919A584F2FEC513F00B6FF90 /* movieDB.app */;
			productType = "com.apple.product-type.application";
		};
		919A58642FEC514100B6FF90 /* movieDBTests */ = {
			isa = PBXNativeTarget;
			buildConfigurationList = 919A587D2FEC514100B6FF90 /* Build configuration list for PBXNativeTarget "movieDBTests" */;
			buildPhases = (
				B1D1AFF05B24E67F176AEC6A /* [CP] Check Pods Manifest.lock */,
				919A58612FEC514100B6FF90 /* Sources */,
				919A58622FEC514100B6FF90 /* Frameworks */,
				919A58632FEC514100B6FF90 /* Resources */,
			);
			buildRules = (
			);
			dependencies = (
				919A58672FEC514100B6FF90 /* PBXTargetDependency */,
			);
			fileSystemSynchronizedGroups = (
				919A58682FEC514100B6FF90 /* movieDBTests */,
			);
			name = movieDBTests;
			productName = movieDBTests;
			productReference = 919A58652FEC514100B6FF90 /* movieDBTests.xctest */;
			productType = "com.apple.product-type.bundle.unit-test";
		};
		919A586E2FEC514100B6FF90 /* movieDBUITests */ = {
			isa = PBXNativeTarget;
			buildConfigurationList = 919A58802FEC514100B6FF90 /* Build configuration list for PBXNativeTarget "movieDBUITests" */;
			buildPhases = (
				A4A57C8331357693C4B0C472 /* [CP] Check Pods Manifest.lock */,
				919A586B2FEC514100B6FF90 /* Sources */,
				919A586C2FEC514100B6FF90 /* Frameworks */,
				919A586D2FEC514100B6FF90 /* Resources */,
				0B04F39B853828C080977722 /* [CP] Embed Pods Frameworks */,
			);
			buildRules = (
			);
			dependencies = (
				919A58712FEC514100B6FF90 /* PBXTargetDependency */,
			);
			fileSystemSynchronizedGroups = (
				919A58722FEC514100B6FF90 /* movieDBUITests */,
			);
			name = movieDBUITests;
			productName = movieDBUITests;
			productReference = 919A586F2FEC514100B6FF90 /* movieDBUITests.xctest */;
			productType = "com.apple.product-type.bundle.ui-testing";
		};
/* End PBXNativeTarget section */

/* Begin PBXProject section */
		919A58472FEC513F00B6FF90 /* Project object */ = {
			isa = PBXProject;
			attributes = {
				BuildIndependentTargetsInParallel = 1;
				LastSwiftUpdateCheck = 2650;
				LastUpgradeCheck = 2650;
				TargetAttributes = {
					919A584E2FEC513F00B6FF90 = {
						CreatedOnToolsVersion = 26.5;
					};
					919A58642FEC514100B6FF90 = {
						CreatedOnToolsVersion = 26.5;
						TestTargetID = 919A584E2FEC513F00B6FF90;
					};
					919A586E2FEC514100B6FF90 = {
						CreatedOnToolsVersion = 26.5;
						TestTargetID = 919A584E2FEC513F00B6FF90;
					};
				};
			};
			buildConfigurationList = 919A584A2FEC513F00B6FF90 /* Build configuration list for PBXProject "movieDB" */;
			developmentRegion = en;
			hasScannedForEncodings = 0;
			knownRegions = (
				en,
				Base,
			);
			mainGroup = 919A58462FEC513F00B6FF90;
			minimizedProjectReferenceProxies = 1;
			preferredProjectObjectVersion = 77;
			productRefGroup = 919A58502FEC513F00B6FF90 /* Products */;
			projectDirPath = "";
			projectRoot = "";
			targets = (
				919A584E2FEC513F00B6FF90 /* movieDB */,
				919A58642FEC514100B6FF90 /* movieDBTests */,
				919A586E2FEC514100B6FF90 /* movieDBUITests */,
			);
		};
/* End PBXProject section */

/* Begin PBXResourcesBuildPhase section */
		919A584D2FEC513F00B6FF90 /* Resources */ = {
			isa = PBXResourcesBuildPhase;
			buildActionMask = 2147483647;
			files = (
			);
			runOnlyForDeploymentPostprocessing = 0;
		};
		919A58632FEC514100B6FF90 /* Resources */ = {
			isa = PBXResourcesBuildPhase;
			buildActionMask = 2147483647;
			files = (
			);
			runOnlyForDeploymentPostprocessing = 0;
		};
		919A586D2FEC514100B6FF90 /* Resources */ = {
			isa = PBXResourcesBuildPhase;
			buildActionMask = 2147483647;
			files = (
			);
			runOnlyForDeploymentPostprocessing = 0;
		};
/* End PBXResourcesBuildPhase section */

/* Begin PBXShellScriptBuildPhase section */
		047A1E23B09BFA9149E01F1D /* [CP] Embed Pods Frameworks */ = {
			isa = PBXShellScriptBuildPhase;
			buildActionMask = 2147483647;
			files = (
			);
			inputFileListPaths = (
				"${PODS_ROOT}/Target Support Files/Pods-movieDB/Pods-movieDB-frameworks-${CONFIGURATION}-input-files.xcfilelist",
			);
			name = "[CP] Embed Pods Frameworks";
			outputFileListPaths = (
				"${PODS_ROOT}/Target Support Files/Pods-movieDB/Pods-movieDB-frameworks-${CONFIGURATION}-output-files.xcfilelist",
			);
			runOnlyForDeploymentPostprocessing = 0;
			shellPath = /bin/sh;
			shellScript = "\"${PODS_ROOT}/Target Support Files/Pods-movieDB/Pods-movieDB-frameworks.sh\"\n";
			showEnvVarsInLog = 0;
		};
		0B04F39B853828C080977722 /* [CP] Embed Pods Frameworks */ = {
			isa = PBXShellScriptBuildPhase;
			buildActionMask = 2147483647;
			files = (
			);
			inputFileListPaths = (
				"${PODS_ROOT}/Target Support Files/Pods-movieDB-movieDBUITests/Pods-movieDB-movieDBUITests-frameworks-${CONFIGURATION}-input-files.xcfilelist",
			);
			name = "[CP] Embed Pods Frameworks";
			outputFileListPaths = (
				"${PODS_ROOT}/Target Support Files/Pods-movieDB-movieDBUITests/Pods-movieDB-movieDBUITests-frameworks-${CONFIGURATION}-output-files.xcfilelist",
			);
			runOnlyForDeploymentPostprocessing = 0;
			shellPath = /bin/sh;
			shellScript = "\"${PODS_ROOT}/Target Support Files/Pods-movieDB-movieDBUITests/Pods-movieDB-movieDBUITests-frameworks.sh\"\n";
			showEnvVarsInLog = 0;
		};
		54FC59A2CA3D60C6A0978673 /* [CP] Check Pods Manifest.lock */ = {
			isa = PBXShellScriptBuildPhase;
			buildActionMask = 2147483647;
			files = (
			);
			inputFileListPaths = (
			);
			inputPaths = (
				"${PODS_PODFILE_DIR_PATH}/Podfile.lock",
				"${PODS_ROOT}/Manifest.lock",
			);
			name = "[CP] Check Pods Manifest.lock";
			outputFileListPaths = (
			);
			outputPaths = (
				"$(DERIVED_FILE_DIR)/Pods-movieDB-checkManifestLockResult.txt",
			);
			runOnlyForDeploymentPostprocessing = 0;
			shellPath = /bin/sh;
			shellScript = "diff \"${PODS_PODFILE_DIR_PATH}/Podfile.lock\" \"${PODS_ROOT}/Manifest.lock\" > /dev/null\nif [ $? != 0 ] ; then\n    # print error to STDERR\n    echo \"error: The sandbox is not in sync with the Podfile.lock. Run 'pod install' or update your CocoaPods installation.\" >&2\n    exit 1\nfi\n# This output is used by Xcode 'outputs' to avoid re-running this script phase.\necho \"SUCCESS\" > \"${SCRIPT_OUTPUT_FILE_0}\"\n";
			showEnvVarsInLog = 0;
		};
		A4A57C8331357693C4B0C472 /* [CP] Check Pods Manifest.lock */ = {
			isa = PBXShellScriptBuildPhase;
			buildActionMask = 2147483647;
			files = (
			);
			inputFileListPaths = (
			);
			inputPaths = (
				"${PODS_PODFILE_DIR_PATH}/Podfile.lock",
				"${PODS_ROOT}/Manifest.lock",
			);
			name = "[CP] Check Pods Manifest.lock";
			outputFileListPaths = (
			);
			outputPaths = (
				"$(DERIVED_FILE_DIR)/Pods-movieDB-movieDBUITests-checkManifestLockResult.txt",
			);
			runOnlyForDeploymentPostprocessing = 0;
			shellPath = /bin/sh;
			shellScript = "diff \"${PODS_PODFILE_DIR_PATH}/Podfile.lock\" \"${PODS_ROOT}/Manifest.lock\" > /dev/null\nif [ $? != 0 ] ; then\n    # print error to STDERR\n    echo \"error: The sandbox is not in sync with the Podfile.lock. Run 'pod install' or update your CocoaPods installation.\" >&2\n    exit 1\nfi\n# This output is used by Xcode 'outputs' to avoid re-running this script phase.\necho \"SUCCESS\" > \"${SCRIPT_OUTPUT_FILE_0}\"\n";
			showEnvVarsInLog = 0;
		};
		B1D1AFF05B24E67F176AEC6A /* [CP] Check Pods Manifest.lock */ = {
			isa = PBXShellScriptBuildPhase;
			buildActionMask = 2147483647;
			files = (
			);
			inputFileListPaths = (
			);
			inputPaths = (
				"${PODS_PODFILE_DIR_PATH}/Podfile.lock",
				"${PODS_ROOT}/Manifest.lock",
			);
			name = "[CP] Check Pods Manifest.lock";
			outputFileListPaths = (
			);
			outputPaths = (
				"$(DERIVED_FILE_DIR)/Pods-movieDBTests-checkManifestLockResult.txt",
			);
			runOnlyForDeploymentPostprocessing = 0;
			shellPath = /bin/sh;
			shellScript = "diff \"${PODS_PODFILE_DIR_PATH}/Podfile.lock\" \"${PODS_ROOT}/Manifest.lock\" > /dev/null\nif [ $? != 0 ] ; then\n    # print error to STDERR\n    echo \"error: The sandbox is not in sync with the Podfile.lock. Run 'pod install' or update your CocoaPods installation.\" >&2\n    exit 1\nfi\n# This output is used by Xcode 'outputs' to avoid re-running this script phase.\necho \"SUCCESS\" > \"${SCRIPT_OUTPUT_FILE_0}\"\n";
			showEnvVarsInLog = 0;
		};
/* End PBXShellScriptBuildPhase section */

/* Begin PBXSourcesBuildPhase section */
		919A584B2FEC513F00B6FF90 /* Sources */ = {
			isa = PBXSourcesBuildPhase;
			buildActionMask = 2147483647;
			files = (
			);
			runOnlyForDeploymentPostprocessing = 0;
		};
		919A58612FEC514100B6FF90 /* Sources */ = {
			isa = PBXSourcesBuildPhase;
			buildActionMask = 2147483647;
			files = (
			);
			runOnlyForDeploymentPostprocessing = 0;
		};
		919A586B2FEC514100B6FF90 /* Sources */ = {
			isa = PBXSourcesBuildPhase;
			buildActionMask = 2147483647;
			files = (
			);
			runOnlyForDeploymentPostprocessing = 0;
		};
/* End PBXSourcesBuildPhase section */

/* Begin PBXTargetDependency section */
		919A58672FEC514100B6FF90 /* PBXTargetDependency */ = {
			isa = PBXTargetDependency;
			target = 919A584E2FEC513F00B6FF90 /* movieDB */;
			targetProxy = 919A58662FEC514100B6FF90 /* PBXContainerItemProxy */;
		};
		919A58712FEC514100B6FF90 /* PBXTargetDependency */ = {
			isa = PBXTargetDependency;
			target = 919A584E2FEC513F00B6FF90 /* movieDB */;
			targetProxy = 919A58702FEC514100B6FF90 /* PBXContainerItemProxy */;
		};
/* End PBXTargetDependency section */

/* Begin XCBuildConfiguration section */
		919A58792FEC514100B6FF90 /* Debug */ = {
			isa = XCBuildConfiguration;
			baseConfigurationReference = 6F9F66792F2262F085ABBF97 /* Pods-movieDB.debug.xcconfig */;
			buildSettings = {
				ASSETCATALOG_COMPILER_APPICON_NAME = AppIcon;
				ASSETCATALOG_COMPILER_GLOBAL_ACCENT_COLOR_NAME = AccentColor;
				CODE_SIGN_STYLE = Automatic;
				CURRENT_PROJECT_VERSION = 1;
				GENERATE_INFOPLIST_FILE = YES;
				INFOPLIST_FILE = movieDB/Info.plist;
				INFOPLIST_KEY_UIApplicationSupportsIndirectInputEvents = YES;
				INFOPLIST_KEY_UILaunchStoryboardName = LaunchScreen;
				INFOPLIST_KEY_UISupportedInterfaceOrientations_iPad = "UIInterfaceOrientationPortrait UIInterfaceOrientationPortraitUpsideDown UIInterfaceOrientationLandscapeLeft UIInterfaceOrientationLandscapeRight";
				INFOPLIST_KEY_UISupportedInterfaceOrientations_iPhone = "UIInterfaceOrientationPortrait UIInterfaceOrientationLandscapeLeft UIInterfaceOrientationLandscapeRight";
				LD_RUNPATH_SEARCH_PATHS = (
					"$(inherited)",
					"@executable_path/Frameworks",
				);
				MARKETING_VERSION = 1.0;
				PRODUCT_BUNDLE_IDENTIFIER = com.eyepatch.movieDB;
				PRODUCT_NAME = "$(TARGET_NAME)";
				STRING_CATALOG_GENERATE_SYMBOLS = YES;
				SWIFT_APPROACHABLE_CONCURRENCY = YES;
				SWIFT_DEFAULT_ACTOR_ISOLATION = MainActor;
				SWIFT_EMIT_LOC_STRINGS = YES;
				SWIFT_UPCOMING_FEATURE_MEMBER_IMPORT_VISIBILITY = YES;
				SWIFT_VERSION = 5.0;
				TARGETED_DEVICE_FAMILY = "1,2";
			};
			name = Debug;
		};
		919A587A2FEC514100B6FF90 /* Release */ = {
			isa = XCBuildConfiguration;
			baseConfigurationReference = 9F8957F07BB80DB802158C9A /* Pods-movieDB.release.xcconfig */;
			buildSettings = {
				ASSETCATALOG_COMPILER_APPICON_NAME = AppIcon;
				ASSETCATALOG_COMPILER_GLOBAL_ACCENT_COLOR_NAME = AccentColor;
				CODE_SIGN_STYLE = Automatic;
				CURRENT_PROJECT_VERSION = 1;
				GENERATE_INFOPLIST_FILE = YES;
				INFOPLIST_FILE = movieDB/Info.plist;
				INFOPLIST_KEY_UIApplicationSupportsIndirectInputEvents = YES;
				INFOPLIST_KEY_UILaunchStoryboardName = LaunchScreen;
				INFOPLIST_KEY_UISupportedInterfaceOrientations_iPad = "UIInterfaceOrientationPortrait UIInterfaceOrientationPortraitUpsideDown UIInterfaceOrientationLandscapeLeft UIInterfaceOrientationLandscapeRight";
				INFOPLIST_KEY_UISupportedInterfaceOrientations_iPhone = "UIInterfaceOrientationPortrait UIInterfaceOrientationLandscapeLeft UIInterfaceOrientationLandscapeRight";
				LD_RUNPATH_SEARCH_PATHS = (
					"$(inherited)",
					"@executable_path/Frameworks",
				);
				MARKETING_VERSION = 1.0;
				PRODUCT_BUNDLE_IDENTIFIER = com.eyepatch.movieDB;
				PRODUCT_NAME = "$(TARGET_NAME)";
				STRING_CATALOG_GENERATE_SYMBOLS = YES;
				SWIFT_APPROACHABLE_CONCURRENCY = YES;
				SWIFT_DEFAULT_ACTOR_ISOLATION = MainActor;
				SWIFT_EMIT_LOC_STRINGS = YES;
				SWIFT_UPCOMING_FEATURE_MEMBER_IMPORT_VISIBILITY = YES;
				SWIFT_VERSION = 5.0;
				TARGETED_DEVICE_FAMILY = "1,2";
			};
			name = Release;
		};
		919A587B2FEC514100B6FF90 /* Debug */ = {
			isa = XCBuildConfiguration;
			buildSettings = {
				ALWAYS_SEARCH_USER_PATHS = NO;
				ASSETCATALOG_COMPILER_GENERATE_SWIFT_ASSET_SYMBOL_EXTENSIONS = YES;
				CLANG_ANALYZER_NONNULL = YES;
				CLANG_ANALYZER_NUMBER_OBJECT_CONVERSION = YES_AGGRESSIVE;
				CLANG_CXX_LANGUAGE_STANDARD = "gnu++20";
				CLANG_ENABLE_MODULES = YES;
				CLANG_ENABLE_OBJC_ARC = YES;
				CLANG_ENABLE_OBJC_WEAK = YES;
				CLANG_WARN_BLOCK_CAPTURE_AUTORELEASING = YES;
				CLANG_WARN_BOOL_CONVERSION = YES;
				CLANG_WARN_COMMA = YES;
				CLANG_WARN_CONSTANT_CONVERSION = YES;
				CLANG_WARN_DEPRECATED_OBJC_IMPLEMENTATIONS = YES;
				CLANG_WARN_DIRECT_OBJC_ISA_USAGE = YES_ERROR;
				CLANG_WARN_DOCUMENTATION_COMMENTS = YES;
				CLANG_WARN_EMPTY_BODY = YES;
				CLANG_WARN_ENUM_CONVERSION = YES;
				CLANG_WARN_INFINITE_RECURSION = YES;
				CLANG_WARN_INT_CONVERSION = YES;
				CLANG_WARN_NON_LITERAL_NULL_CONVERSION = YES;
				CLANG_WARN_OBJC_IMPLICIT_RETAIN_SELF = YES;
				CLANG_WARN_OBJC_LITERAL_CONVERSION = YES;
				CLANG_WARN_OBJC_ROOT_CLASS = YES_ERROR;
				CLANG_WARN_QUOTED_INCLUDE_IN_FRAMEWORK_HEADER = YES;
				CLANG_WARN_RANGE_LOOP_ANALYSIS = YES;
				CLANG_WARN_STRICT_PROTOTYPES = YES;
				CLANG_WARN_SUSPICIOUS_MOVE = YES;
				CLANG_WARN_UNGUARDED_AVAILABILITY = YES_AGGRESSIVE;
				CLANG_WARN_UNREACHABLE_CODE = YES;
				CLANG_WARN__DUPLICATE_METHOD_MATCH = YES;
				COPY_PHASE_STRIP = NO;
				DEBUG_INFORMATION_FORMAT = dwarf;
				ENABLE_STRICT_OBJC_MSGSEND = YES;
				ENABLE_TESTABILITY = YES;
				ENABLE_USER_SCRIPT_SANDBOXING = YES;
				GCC_C_LANGUAGE_STANDARD = gnu17;
				GCC_DYNAMIC_NO_PIC = NO;
				GCC_NO_COMMON_BLOCKS = YES;
				GCC_OPTIMIZATION_LEVEL = 0;
				GCC_PREPROCESSOR_DEFINITIONS = (
					"DEBUG=1",
					"$(inherited)",
				);
				GCC_WARN_64_TO_32_BIT_CONVERSION = YES;
				GCC_WARN_ABOUT_RETURN_TYPE = YES_ERROR;
				GCC_WARN_UNDECLARED_SELECTOR = YES;
				GCC_WARN_UNINITIALIZED_AUTOS = YES_AGGRESSIVE;
				GCC_WARN_UNUSED_FUNCTION = YES;
				GCC_WARN_UNUSED_VARIABLE = YES;
				IPHONEOS_DEPLOYMENT_TARGET = 26.5;
				LOCALIZATION_PREFERS_STRING_CATALOGS = YES;
				MTL_ENABLE_DEBUG_INFO = INCLUDE_SOURCE;
				MTL_FAST_MATH = YES;
				ONLY_ACTIVE_ARCH = YES;
				SDKROOT = iphoneos;
				SWIFT_ACTIVE_COMPILATION_CONDITIONS = "DEBUG $(inherited)";
				SWIFT_OPTIMIZATION_LEVEL = "-Onone";
			};
			name = Debug;
		};
		919A587C2FEC514100B6FF90 /* Release */ = {
			isa = XCBuildConfiguration;
			buildSettings = {
				ALWAYS_SEARCH_USER_PATHS = NO;
				ASSETCATALOG_COMPILER_GENERATE_SWIFT_ASSET_SYMBOL_EXTENSIONS = YES;
				CLANG_ANALYZER_NONNULL = YES;
				CLANG_ANALYZER_NUMBER_OBJECT_CONVERSION = YES_AGGRESSIVE;
				CLANG_CXX_LANGUAGE_STANDARD = "gnu++20";
				CLANG_ENABLE_MODULES = YES;
				CLANG_ENABLE_OBJC_ARC = YES;
				CLANG_ENABLE_OBJC_WEAK = YES;
				CLANG_WARN_BLOCK_CAPTURE_AUTORELEASING = YES;
				CLANG_WARN_BOOL_CONVERSION = YES;
				CLANG_WARN_COMMA = YES;
				CLANG_WARN_CONSTANT_CONVERSION = YES;
				CLANG_WARN_DEPRECATED_OBJC_IMPLEMENTATIONS = YES;
				CLANG_WARN_DIRECT_OBJC_ISA_USAGE = YES_ERROR;
				CLANG_WARN_DOCUMENTATION_COMMENTS = YES;
				CLANG_WARN_EMPTY_BODY = YES;
				CLANG_WARN_ENUM_CONVERSION = YES;
				CLANG_WARN_INFINITE_RECURSION = YES;
				CLANG_WARN_INT_CONVERSION = YES;
				CLANG_WARN_NON_LITERAL_NULL_CONVERSION = YES;
				CLANG_WARN_OBJC_IMPLICIT_RETAIN_SELF = YES;
				CLANG_WARN_OBJC_LITERAL_CONVERSION = YES;
				CLANG_WARN_OBJC_ROOT_CLASS = YES_ERROR;
				CLANG_WARN_QUOTED_INCLUDE_IN_FRAMEWORK_HEADER = YES;
				CLANG_WARN_RANGE_LOOP_ANALYSIS = YES;
				CLANG_WARN_STRICT_PROTOTYPES = YES;
				CLANG_WARN_SUSPICIOUS_MOVE = YES;
				CLANG_WARN_UNGUARDED_AVAILABILITY = YES_AGGRESSIVE;
				CLANG_WARN_UNREACHABLE_CODE = YES;
				CLANG_WARN__DUPLICATE_METHOD_MATCH = YES;
				COPY_PHASE_STRIP = NO;
				DEBUG_INFORMATION_FORMAT = "dwarf-with-dsym";
				ENABLE_NS_ASSERTIONS = NO;
				ENABLE_STRICT_OBJC_MSGSEND = YES;
				ENABLE_USER_SCRIPT_SANDBOXING = YES;
				GCC_C_LANGUAGE_STANDARD = gnu17;
				GCC_NO_COMMON_BLOCKS = YES;
				GCC_WARN_64_TO_32_BIT_CONVERSION = YES;
				GCC_WARN_ABOUT_RETURN_TYPE = YES_ERROR;
				GCC_WARN_UNDECLARED_SELECTOR = YES;
				GCC_WARN_UNINITIALIZED_AUTOS = YES_AGGRESSIVE;
				GCC_WARN_UNUSED_FUNCTION = YES;
				GCC_WARN_UNUSED_VARIABLE = YES;
				IPHONEOS_DEPLOYMENT_TARGET = 26.5;
				LOCALIZATION_PREFERS_STRING_CATALOGS = YES;
				MTL_ENABLE_DEBUG_INFO = NO;
				MTL_FAST_MATH = YES;
				SDKROOT = iphoneos;
				SWIFT_COMPILATION_MODE = wholemodule;
				VALIDATE_PRODUCT = YES;
			};
			name = Release;
		};
		919A587E2FEC514100B6FF90 /* Debug */ = {
			isa = XCBuildConfiguration;
			baseConfigurationReference = 92FF9A9697014826B7FE6886 /* Pods-movieDBTests.debug.xcconfig */;
			buildSettings = {
				BUNDLE_LOADER = "$(TEST_HOST)";
				CODE_SIGN_STYLE = Automatic;
				CURRENT_PROJECT_VERSION = 1;
				GENERATE_INFOPLIST_FILE = YES;
				IPHONEOS_DEPLOYMENT_TARGET = 26.5;
				MARKETING_VERSION = 1.0;
				PRODUCT_BUNDLE_IDENTIFIER = com.eyepatch.movieDBTests;
				PRODUCT_NAME = "$(TARGET_NAME)";
				STRING_CATALOG_GENERATE_SYMBOLS = NO;
				SWIFT_APPROACHABLE_CONCURRENCY = YES;
				SWIFT_EMIT_LOC_STRINGS = NO;
				SWIFT_UPCOMING_FEATURE_MEMBER_IMPORT_VISIBILITY = YES;
				SWIFT_VERSION = 5.0;
				TARGETED_DEVICE_FAMILY = "1,2";
				TEST_HOST = "$(BUILT_PRODUCTS_DIR)/movieDB.app/$(BUNDLE_EXECUTABLE_FOLDER_PATH)/movieDB";
			};
			name = Debug;
		};
		919A587F2FEC514100B6FF90 /* Release */ = {
			isa = XCBuildConfiguration;
			baseConfigurationReference = 881137BD2A96B78C01E7E8EB /* Pods-movieDBTests.release.xcconfig */;
			buildSettings = {
				BUNDLE_LOADER = "$(TEST_HOST)";
				CODE_SIGN_STYLE = Automatic;
				CURRENT_PROJECT_VERSION = 1;
				GENERATE_INFOPLIST_FILE = YES;
				IPHONEOS_DEPLOYMENT_TARGET = 26.5;
				MARKETING_VERSION = 1.0;
				PRODUCT_BUNDLE_IDENTIFIER = com.eyepatch.movieDBTests;
				PRODUCT_NAME = "$(TARGET_NAME)";
				STRING_CATALOG_GENERATE_SYMBOLS = NO;
				SWIFT_APPROACHABLE_CONCURRENCY = YES;
				SWIFT_EMIT_LOC_STRINGS = NO;
				SWIFT_UPCOMING_FEATURE_MEMBER_IMPORT_VISIBILITY = YES;
				SWIFT_VERSION = 5.0;
				TARGETED_DEVICE_FAMILY = "1,2";
				TEST_HOST = "$(BUILT_PRODUCTS_DIR)/movieDB.app/$(BUNDLE_EXECUTABLE_FOLDER_PATH)/movieDB";
			};
			name = Release;
		};
		919A58812FEC514100B6FF90 /* Debug */ = {
			isa = XCBuildConfiguration;
			baseConfigurationReference = 6B5D0A30ED6EEA7899C4FC9C /* Pods-movieDB-movieDBUITests.debug.xcconfig */;
			buildSettings = {
				CODE_SIGN_STYLE = Automatic;
				CURRENT_PROJECT_VERSION = 1;
				GENERATE_INFOPLIST_FILE = YES;
				MARKETING_VERSION = 1.0;
				PRODUCT_BUNDLE_IDENTIFIER = com.eyepatch.movieDBUITests;
				PRODUCT_NAME = "$(TARGET_NAME)";
				STRING_CATALOG_GENERATE_SYMBOLS = NO;
				SWIFT_APPROACHABLE_CONCURRENCY = YES;
				SWIFT_EMIT_LOC_STRINGS = NO;
				SWIFT_UPCOMING_FEATURE_MEMBER_IMPORT_VISIBILITY = YES;
				SWIFT_VERSION = 5.0;
				TARGETED_DEVICE_FAMILY = "1,2";
				TEST_TARGET_NAME = movieDB;
			};
			name = Debug;
		};
		919A58822FEC514100B6FF90 /* Release */ = {
			isa = XCBuildConfiguration;
			baseConfigurationReference = 6D61A03569B028BBE80F0AD2 /* Pods-movieDB-movieDBUITests.release.xcconfig */;
			buildSettings = {
				CODE_SIGN_STYLE = Automatic;
				CURRENT_PROJECT_VERSION = 1;
				GENERATE_INFOPLIST_FILE = YES;
				MARKETING_VERSION = 1.0;
				PRODUCT_BUNDLE_IDENTIFIER = com.eyepatch.movieDBUITests;
				PRODUCT_NAME = "$(TARGET_NAME)";
				STRING_CATALOG_GENERATE_SYMBOLS = NO;
				SWIFT_APPROACHABLE_CONCURRENCY = YES;
				SWIFT_EMIT_LOC_STRINGS = NO;
				SWIFT_UPCOMING_FEATURE_MEMBER_IMPORT_VISIBILITY = YES;
				SWIFT_VERSION = 5.0;
				TARGETED_DEVICE_FAMILY = "1,2";
				TEST_TARGET_NAME = movieDB;
			};
			name = Release;
		};
/* End XCBuildConfiguration section */

/* Begin XCConfigurationList section */
		919A584A2FEC513F00B6FF90 /* Build configuration list for PBXProject "movieDB" */ = {
			isa = XCConfigurationList;
			buildConfigurations = (
				919A587B2FEC514100B6FF90 /* Debug */,
				919A587C2FEC514100B6FF90 /* Release */,
			);
			defaultConfigurationIsVisible = 0;
			defaultConfigurationName = Release;
		};
		919A58782FEC514100B6FF90 /* Build configuration list for PBXNativeTarget "movieDB" */ = {
			isa = XCConfigurationList;
			buildConfigurations = (
				919A58792FEC514100B6FF90 /* Debug */,
				919A587A2FEC514100B6FF90 /* Release */,
			);
			defaultConfigurationIsVisible = 0;
			defaultConfigurationName = Release;
		};
		919A587D2FEC514100B6FF90 /* Build configuration list for PBXNativeTarget "movieDBTests" */ = {
			isa = XCConfigurationList;
			buildConfigurations = (
				919A587E2FEC514100B6FF90 /* Debug */,
				919A587F2FEC514100B6FF90 /* Release */,
			);
			defaultConfigurationIsVisible = 0;
			defaultConfigurationName = Release;
		};
		919A58802FEC514100B6FF90 /* Build configuration list for PBXNativeTarget "movieDBUITests" */ = {
			isa = XCConfigurationList;
			buildConfigurations = (
				919A58812FEC514100B6FF90 /* Debug */,
				919A58822FEC514100B6FF90 /* Release */,
			);
			defaultConfigurationIsVisible = 0;
			defaultConfigurationName = Release;
		};
/* End XCConfigurationList section */
	};
	rootObject = 919A58472FEC513F00B6FF90 /* Project object */;
}
